// !$*UTF8*$!
{
	archiveVersion = 1;
	classes = {
	};
	objectVersion = 55;
	objects = {

/* Begin PBXBuildFile section */
		09ADB72627AB95DE003ADF69 /* AppDelegate.swift in Sources */ = {isa = PBXBuildFile; fileRef = 09ADB72527AB95DE003ADF69 /* AppDelegate.swift */; };
		09ADB72827AB95DE003ADF69 /* SceneDelegate.swift in Sources */ = {isa = PBXBuildFile; fileRef = 09ADB72727AB95DE003ADF69 /* SceneDelegate.swift */; };
		09ADB72A27AB95DE003ADF69 /* ViewController.swift in Sources */ = {isa = PBXBuildFile; fileRef = 09ADB72927AB95DE003ADF69 /* ViewController.swift */; };
		09ADB72D27AB95DE003ADF69 /* Main.storyboard in Resources */ = {isa = PBXBuildFile; fileRef = 09ADB72B27AB95DE003ADF69 /* Main.storyboard */; };
		09ADB72F27AB95E0003ADF69 /* Assets.xcassets in Resources */ = {isa = PBXBuildFile; fileRef = 09ADB72E27AB95E0003ADF69 /* Assets.xcassets */; };
		09ADB73227AB95E0003ADF69 /* LaunchScreen.storyboard in Resources */ = {isa = PBXBuildFile; fileRef = 09ADB73027AB95E0003ADF69 /* LaunchScreen.storyboard */; };
		2B8744569776F076FB504435 /* Pods_Starscream_WebSocket.framework in Frameworks */ = {isa = PBXBuildFile; fileRef = 43A9E3351F145C61301AC829 /* Pods_Starscream_WebSocket.framework */; };
/* End PBXBuildFile section */

/* Begin PBXFileReference section */
		09ADB72227AB95DE003ADF69 /* Starscream WebSocket.app */ = {isa = PBXFileReference; explicitFileType = wrapper.application; includeInIndex = 0; path = "Starscream WebSocket.app"; sourceTree = BUILT_PRODUCTS_DIR; };
		09ADB72527AB95DE003ADF69 /* AppDelegate.swift */ = {isa = PBXFileReference; lastKnownFileType = sourcecode.swift; path = AppDelegate.swift; sourceTree = "<group>"; };
		09ADB72727AB95DE003ADF69 /* SceneDelegate.swift */ = {isa = PBXFileReference; lastKnownFileType = sourcecode.swift; path = SceneDelegate.swift; sourceTree = "<group>"; };
		09ADB72927AB95DE003ADF69 /* ViewController.swift */ = {isa = PBXFileReference; lastKnownFileType = sourcecode.swift; path = ViewController.swift; sourceTree = "<group>"; };
		09ADB72C27AB95DE003ADF69 /* Base */ = {isa = PBXFileReference; lastKnownFileType = file.storyboard; name = Base; path = Base.lproj/Main.storyboard; sourceTree = "<group>"; };
		09ADB72E27AB95E0003ADF69 /* Assets.xcassets */ = {isa = PBXFileReference; lastKnownFileType = folder.assetcatalog; path = Assets.xcassets; sourceTree = "<group>"; };
		09ADB73127AB95E0003ADF69 /* Base */ = {isa = PBXFileReference; lastKnownFileType = file.storyboard; name = Base; path = Base.lproj/LaunchScreen.storyboard; sourceTree = "<group>"; };
		09ADB73327AB95E0003ADF69 /* Info.plist */ = {isa = PBXFileReference; lastKnownFileType = text.plist.xml; path = Info.plist; sourceTree = "<group>"; };
		43A9E3351F145C61301AC829 /* Pods_Starscream_WebSocket.framework */ = {isa = PBXFileReference; explicitFileType = wrapper.framework; includeInIndex = 0; path = Pods_Starscream_WebSocket.framework; sourceTree = BUILT_PRODUCTS_DIR; };
		7BAEC8E25915142C6AE5340C /* Pods-Starscream WebSocket.release.xcconfig */ = {isa = PBXFileReference; includeInIndex = 1; lastKnownFileType = text.xcconfig; name = "Pods-Starscream WebSocket.release.xcconfig"; path = "Target Support Files/Pods-Starscream WebSocket/Pods-Starscream WebSocket.release.xcconfig"; sourceTree = "<group>"; };
		E6BA6FF007FD83302BCCA018 /* Pods-Starscream WebSocket.debug.xcconfig */ = {isa = PBXFileReference; includeInIndex = 1; lastKnownFileType = text.xcconfig; name = "Pods-Starscream WebSocket.debug.xcconfig"; path = "Target Support Files/Pods-Starscream WebSocket/Pods-Starscream WebSocket.debug.xcconfig"; sourceTree = "<group>"; };
/* End PBXFileReference section */

/* Begin PBXFrameworksBuildPhase section */
		09ADB71F27AB95DE003ADF69 /* Frameworks */ = {
			isa = PBXFrameworksBuildPhase;
			buildActionMask = 2147483647;
			files = (
				2B8744569776F076FB504435 /* Pods_Starscream_WebSocket.framework in Frameworks */,
			);
			runOnlyForDeploymentPostprocessing = 0;
		};
/* End PBXFrameworksBuildPhase section */

/* Begin PBXGroup section */
		09ADB71927AB95DE003ADF69 = {
			isa = PBXGroup;
			children = (
				09ADB72427AB95DE003ADF69 /* Starscream WebSocket */,
				09ADB72327AB95DE003ADF69 /* Products */,
				B67495467556606E2546C1E1 /* Pods */,
				42BE1BE8E67F0B6FD8222285 /* Frameworks */,
			);
			sourceTree = "<group>";
		};
		09ADB72327AB95DE003ADF69 /* Products */ = {
			isa = PBXGroup;
			children = (
				09ADB72227AB95DE003ADF69 /* Starscream WebSocket.app */,
			);
			name = Products;
			sourceTree = "<group>";
		};
		09ADB72427AB95DE003ADF69 /* Starscream WebSocket */ = {
			isa = PBXGroup;
			children = (
				09ADB72527AB95DE003ADF69 /* AppDelegate.swift */,
				09ADB72727AB95DE003ADF69 /* SceneDelegate.swift */,
				09ADB72927AB95DE003ADF69 /* ViewController.swift */,
				09ADB72B27AB95DE003ADF69 /* Main.storyboard */,
				09ADB72E27AB95E0003ADF69 /* Assets.xcassets */,
				09ADB73027AB95E0003ADF69 /* LaunchScreen.storyboard */,
				09ADB73327AB95E0003ADF69 /* Info.plist */,
			);
			path = "Starscream WebSocket";
			sourceTree = "<group>";
		};
		42BE1BE8E67F0B6FD8222285 /* Frameworks */ = {
			isa = PBXGroup;
			children = (
				43A9E3351F145C61301AC829 /* Pods_Starscream_WebSocket.framework */,
			);
			name = Frameworks;
			sourceTree = "<group>";
		};
		B67495467556606E2546C1E1 /* Pods */ = {
			isa = PBXGroup;
			children = (
				E6BA6FF007FD83302BCCA018 /* Pods-Starscream WebSocket.debug.xcconfig */,
				7BAEC8E25915142C6AE5340C /* Pods-Starscream WebSocket.release.xcconfig */,
			);
			path = Pods;
			sourceTree = "<group>";
		};
/* End PBXGroup section */

/* Begin PBXNativeTarget section */
		09ADB72127AB95DE003ADF69 /* Starscream WebSocket */ = {
			isa = PBXNativeTarget;
			buildConfigurationList = 09ADB73627AB95E0003ADF69 /* Build configuration list for PBXNativeTarget "Starscream WebSocket" */;
			buildPhases = (
				574967EF3E076A173FF2BE0F /* [CP] Check Pods Manifest.lock */,
				09ADB71E27AB95DE003ADF69 /* Sources */,
				09ADB71F27AB95DE003ADF69 /* Frameworks */,
				09ADB72027AB95DE003ADF69 /* Resources */,
				19ED277D48580E60B3274BBA /* [CP] Embed Pods Frameworks */,
			);
			buildRules = (
			);
			dependencies = (
			);
			name = "Starscream WebSocket";
			productName = "Starscream WebSocket";
			productReference = 09ADB72227AB95DE003ADF69 /* Starscream WebSocket.app */;
			productType = "com.apple.product-type.application";
		};
/* End PBXNativeTarget section */

/* Begin PBXProject section */
		09ADB71A27AB95DE003ADF69 /* Project object */ = {
			isa = PBXProject;
			attributes = {
				BuildIndependentTargetsInParallel = 1;
				LastSwiftUpdateCheck = 1300;
				LastUpgradeCheck = 1300;
				TargetAttributes = {
					09ADB72127AB95DE003ADF69 = {
						CreatedOnToolsVersion = 13.0;
					};
				};
			};
			buildConfigurationList = 09ADB71D27AB95DE003ADF69 /* Build configuration list for PBXProject "Starscream WebSocket" */;
			compatibilityVersion = "Xcode 13.0";
			developmentRegion = en;
			hasScannedForEncodings = 0;
			knownRegions = (
				en,
				Base,
			);
			mainGroup = 09ADB71927AB95DE003ADF69;
			productRefGroup = 09ADB72327AB95DE003ADF69 /* Products */;
			projectDirPath = "";
			projectRoot = "";
			targets = (
				09ADB72127AB95DE003ADF69 /* Starscream WebSocket */,
			);
		};
/* End PBXProject section */

/* Begin PBXResourcesBuildPhase section */
		09ADB72027AB95DE003ADF69 /* Resources */ = {
			isa = PBXResourcesBuildPhase;
			buildActionMask = 2147483647;
			files = (
				09ADB73227AB95E0003ADF69 /* LaunchScreen.storyboard in Resources */,
				09ADB72F27AB95E0003ADF69 /* Assets.xcassets in Resources */,
				09ADB72D27AB95DE003ADF69 /* Main.storyboard in Resources */,
			);
			runOnlyForDeploymentPostprocessing = 0;
		};
/* End PBXResourcesBuildPhase section */

/* Begin PBXShellScriptBuildPhase section */
		19ED277D48580E60B3274BBA /* [CP] Embed Pods Frameworks */ = {
			isa = PBXShellScriptBuildPhase;
			buildActionMask = 2147483647;
			files = (
			);
			inputFileListPaths = (
				"${PODS_ROOT}/Target Support Files/Pods-Starscream WebSocket/Pods-Starscream WebSocket-frameworks-${CONFIGURATION}-input-files.xcfilelist",
			);
			name = "[CP] Embed Pods Frameworks";
			outputFileListPaths = (
				"${PODS_ROOT}/Target Support Files/Pods-Starscream WebSocket/Pods-Starscream WebSocket-frameworks-${CONFIGURATION}-output-files.xcfilelist",
			);
			runOnlyForDeploymentPostprocessing = 0;
			shellPath = /bin/sh;
			shellScript = "\"${PODS_ROOT}/Target Support Files/Pods-Starscream WebSocket/Pods-Starscream WebSocket-frameworks.sh\"\n";
			showEnvVarsInLog = 0;
		};
		574967EF3E076A173FF2BE0F /* [CP] Check Pods Manifest.lock */ = {
			isa = PBXShellScriptBuildPhase;
			buildActionMask = 2147483647;
			files = (
			);
			inputFileListPaths = (
			);
			inputPaths = (
				"${PODS_PODFILE_DIR_PATH}/Podfile.lock",
				"${PODS_ROOT}/Manifest.lock",
			);
			name = "[CP] Check Pods Manifest.lock";
			outputFileListPaths = (
			);
			outputPaths = (
				"$(DERIVED_FILE_DIR)/Pods-Starscream WebSocket-checkManifestLockResult.txt",
			);
			runOnlyForDeploymentPostprocessing = 0;
			shellPath = /bin/sh;
			shellScript = "diff \"${PODS_PODFILE_DIR_PATH}/Podfile.lock\" \"${PODS_ROOT}/Manifest.lock\" > /dev/null\nif [ $? != 0 ] ; then\n    # print error to STDERR\n    echo \"error: The sandbox is not in sync with the Podfile.lock. Run 'pod install' or update your CocoaPods installation.\" >&2\n    exit 1\nfi\n# This output is used by Xcode 'outputs' to avoid re-running this script phase.\necho \"SUCCESS\" > \"${SCRIPT_OUTPUT_FILE_0}\"\n";
			showEnvVarsInLog = 0;
		};
/* End PBXShellScriptBuildPhase section */

/* Begin PBXSourcesBuildPhase section */
		09ADB71E27AB95DE003ADF69 /* Sources */ = {
			isa = PBXSourcesBuildPhase;
			buildActionMask = 2147483647;
			files = (
				09ADB72A27AB95DE003ADF69 /* ViewController.swift in Sources */,
				09ADB72627AB95DE003ADF69 /* AppDelegate.swift in Sources */,
				09ADB72827AB95DE003ADF69 /* SceneDelegate.swift in Sources */,
			);
			runOnlyForDeploymentPostprocessing = 0;
		};
/* End PBXSourcesBuildPhase section */

/* Begin PBXVariantGroup section */
		09ADB72B27AB95DE003ADF69 /* Main.storyboard */ = {
			isa = PBXVariantGroup;
			children = (
				09ADB72C27AB95DE003ADF69 /* Base */,
			);
			name = Main.storyboard;
			sourceTree = "<group>";
		};
		09ADB73027AB95E0003ADF69 /* LaunchScreen.storyboard */ = {
			isa = PBXVariantGroup;
			children = (
				09ADB73127AB95E0003ADF69 /* Base */,
			);
			name = LaunchScreen.storyboard;
			sourceTree = "<group>";
		};
/* End PBXVariantGroup section */

/* Begin XCBuildConfiguration section */
		09ADB73427AB95E0003ADF69 /* Debug */ = {
			isa = XCBuildConfiguration;
			buildSettings = {
				ALWAYS_SEARCH_USER_PATHS = NO;
				CLANG_ANALYZER_NONNULL = YES;
				CLANG_ANALYZER_NUMBER_OBJECT_CONVERSION = YES_AGGRESSIVE;
				CLANG_CXX_LANGUAGE_STANDARD = "gnu++17";
				CLANG_CXX_LIBRARY = "libc++";
				CLANG_ENABLE_MODULES = YES;
				CLANG_ENABLE_OBJC_ARC = YES;
				CLANG_ENABLE_OBJC_WEAK = YES;
				CLANG_WARN_BLOCK_CAPTURE_AUTORELEASING = YES;
				CLANG_WARN_BOOL_CONVERSION = YES;
				CLANG_WARN_COMMA = YES;
				CLANG_WARN_CONSTANT_CONVERSION = YES;
				CLANG_WARN_DEPRECATED_OBJC_IMPLEMENTATIONS = YES;
				CLANG_WARN_DIRECT_OBJC_ISA_USAGE = YES_ERROR;
				CLANG_WARN_DOCUMENTATION_COMMENTS = YES;
				CLANG_WARN_EMPTY_BODY = YES;
				CLANG_WARN_ENUM_CONVERSION = YES;
				CLANG_WARN_INFINITE_RECURSION = YES;
				CLANG_WARN_INT_CONVERSION = YES;
				CLANG_WARN_NON_LITERAL_NULL_CONVERSION = YES;
				CLANG_WARN_OBJC_IMPLICIT_RETAIN_SELF = YES;
				CLANG_WARN_OBJC_LITERAL_CONVERSION = YES;
				CLANG_WARN_OBJC_ROOT_CLASS = YES_ERROR;
				CLANG_WARN_QUOTED_INCLUDE_IN_FRAMEWORK_HEADER = YES;
				CLANG_WARN_RANGE_LOOP_ANALYSIS = YES;
				CLANG_WARN_STRICT_PROTOTYPES = YES;
				CLANG_WARN_SUSPICIOUS_MOVE = YES;
				CLANG_WARN_UNGUARDED_AVAILABILITY = YES_AGGRESSIVE;
				CLANG_WARN_UNREACHABLE_CODE = YES;
				CLANG_WARN__DUPLICATE_METHOD_MATCH = YES;
				COPY_PHASE_STRIP = NO;
				DEBUG_INFORMATION_FORMAT = dwarf;
				ENABLE_STRICT_OBJC_MSGSEND = YES;
				ENABLE_TESTABILITY = YES;
				GCC_C_LANGUAGE_STANDARD = gnu11;
				GCC_DYNAMIC_NO_PIC = NO;
				GCC_NO_COMMON_BLOCKS = YES;
				GCC_OPTIMIZATION_LEVEL = 0;
				GCC_PREPROCESSOR_DEFINITIONS = (
					"DEBUG=1",
					"$(inherited)",
				);
				GCC_WARN_64_TO_32_BIT_CONVERSION = YES;
				GCC_WARN_ABOUT_RETURN_TYPE = YES_ERROR;
				GCC_WARN_UNDECLARED_SELECTOR = YES;
				GCC_WARN_UNINITIALIZED_AUTOS = YES_AGGRESSIVE;
				GCC_WARN_UNUSED_FUNCTION = YES;
				GCC_WARN_UNUSED_VARIABLE = YES;
				IPHONEOS_DEPLOYMENT_TARGET = 13.0;
				MTL_ENABLE_DEBUG_INFO = INCLUDE_SOURCE;
				MTL_FAST_MATH = YES;
				ONLY_ACTIVE_ARCH = YES;
				SDKROOT = iphoneos;
				SWIFT_ACTIVE_COMPILATION_CONDITIONS = DEBUG;
				SWIFT_OPTIMIZATION_LEVEL = "-Onone";
			};
			name = Debug;
		};
		09ADB73527AB95E0003ADF69 /* Release */ = {
			isa = XCBuildConfiguration;
			buildSettings = {
				ALWAYS_SEARCH_USER_PATHS = NO;
				CLANG_ANALYZER_NONNULL = YES;
				CLANG_ANALYZER_NUMBER_OBJECT_CONVERSION = YES_AGGRESSIVE;
				CLANG_CXX_LANGUAGE_STANDARD = "gnu++17";
				CLANG_CXX_LIBRARY = "libc++";
				CLANG_ENABLE_MODULES = YES;
				CLANG_ENABLE_OBJC_ARC = YES;
				CLANG_ENABLE_OBJC_WEAK = YES;
				CLANG_WARN_BLOCK_CAPTURE_AUTORELEASING = YES;
				CLANG_WARN_BOOL_CONVERSION = YES;
				CLANG_WARN_COMMA = YES;
				CLANG_WARN_CONSTANT_CONVERSION = YES;
				CLANG_WARN_DEPRECATED_OBJC_IMPLEMENTATIONS = YES;
				CLANG_WARN_DIRECT_OBJC_ISA_USAGE = YES_ERROR;
				CLANG_WARN_DOCUMENTATION_COMMENTS = YES;
				CLANG_WARN_EMPTY_BODY = YES;
				CLANG_WARN_ENUM_CONVERSION = YES;
				CLANG_WARN_INFINITE_RECURSION = YES;
				CLANG_WARN_INT_CONVERSION = YES;
				CLANG_WARN_NON_LITERAL_NULL_CONVERSION = YES;
				CLANG_WARN_OBJC_IMPLICIT_RETAIN_SELF = YES;
				CLANG_WARN_OBJC_LITERAL_CONVERSION = YES;
				CLANG_WARN_OBJC_ROOT_CLASS = YES_ERROR;
				CLANG_WARN_QUOTED_INCLUDE_IN_FRAMEWORK_HEADER = YES;
				CLANG_WARN_RANGE_LOOP_ANALYSIS = YES;
				CLANG_WARN_STRICT_PROTOTYPES = YES;
				CLANG_WARN_SUSPICIOUS_MOVE = YES;
				CLANG_WARN_UNGUARDED_AVAILABILITY = YES_AGGRESSIVE;
				CLANG_WARN_UNREACHABLE_CODE = YES;
				CLANG_WARN__DUPLICATE_METHOD_MATCH = YES;
				COPY_PHASE_STRIP = NO;
				DEBUG_INFORMATION_FORMAT = "dwarf-with-dsym";
				ENABLE_NS_ASSERTIONS = NO;
				ENABLE_STRICT_OBJC_MSGSEND = YES;
				GCC_C_LANGUAGE_STANDARD = gnu11;
				GCC_NO_COMMON_BLOCKS = YES;
				GCC_WARN_64_TO_32_BIT_CONVERSION = YES;
				GCC_WARN_ABOUT_RETURN_TYPE = YES_ERROR;
				GCC_WARN_UNDECLARED_SELECTOR = YES;
				GCC_WARN_UNINITIALIZED_AUTOS = YES_AGGRESSIVE;
				GCC_WARN_UNUSED_FUNCTION = YES;
				GCC_WARN_UNUSED_VARIABLE = YES;
				IPHONEOS_DEPLOYMENT_TARGET = 13.0;
				MTL_ENABLE_DEBUG_INFO = NO;
				MTL_FAST_MATH = YES;
				SDKROOT = iphoneos;
				SWIFT_COMPILATION_MODE = wholemodule;
				SWIFT_OPTIMIZATION_LEVEL = "-O";
				VALIDATE_PRODUCT = YES;
			};
			name = Release;
		};
		09ADB73727AB95E0003ADF69 /* Debug */ = {
			isa = XCBuildConfiguration;
			baseConfigurationReference = E6BA6FF007FD83302BCCA018 /* Pods-Starscream WebSocket.debug.xcconfig */;
			buildSettings = {
				ASSETCATALOG_COMPILER_APPICON_NAME = AppIcon;
				ASSETCATALOG_COMPILER_GLOBAL_ACCENT_COLOR_NAME = AccentColor;
				CODE_SIGN_STYLE = Automatic;
				CURRENT_PROJECT_VERSION = 1;
				DEVELOPMENT_TEAM = 8XPT93F9Q7;
				GENERATE_INFOPLIST_FILE = YES;
				INFOPLIST_FILE = "Starscream WebSocket/Info.plist";
				INFOPLIST_KEY_UIApplicationSupportsIndirectInputEvents = YES;
				INFOPLIST_KEY_UILaunchStoryboardName = LaunchScreen;
				INFOPLIST_KEY_UIMainStoryboardFile = Main;
				INFOPLIST_KEY_UISupportedInterfaceOrientations_iPad = "UIInterfaceOrientationPortrait UIInterfaceOrientationPortraitUpsideDown UIInterfaceOrientationLandscapeLeft UIInterfaceOrientationLandscapeRight";
				INFOPLIST_KEY_UISupportedInterfaceOrientations_iPhone = "UIInterfaceOrientationPortrait UIInterfaceOrientationLandscapeLeft UIInterfaceOrientationLandscapeRight";
				IPHONEOS_DEPLOYMENT_TARGET = 13.0;
				LD_RUNPATH_SEARCH_PATHS = (
					"$(inherited)",
					"@executable_path/Frameworks",
				);
				MARKETING_VERSION = 1.0;
				PRODUCT_BUNDLE_IDENTIFIER = "com.browserstack.Starscream-WebSocket";
				PRODUCT_NAME = "$(TARGET_NAME)";
				SWIFT_EMIT_LOC_STRINGS = YES;
				SWIFT_VERSION = 5.0;
				TARGETED_DEVICE_FAMILY = "1,2";
			};
			name = Debug;
		};
		09ADB73827AB95E0003ADF69 /* Release */ = {
			isa = XCBuildConfiguration;
			baseConfigurationReference = 7BAEC8E25915142C6AE5340C /* Pods-Starscream WebSocket.release.xcconfig */;
			buildSettings = {
				ASSETCATALOG_COMPILER_APPICON_NAME = AppIcon;
				ASSETCATALOG_COMPILER_GLOBAL_ACCENT_COLOR_NAME = AccentColor;
				CODE_SIGN_STYLE = Automatic;
				CURRENT_PROJECT_VERSION = 1;
				DEVELOPMENT_TEAM = 8XPT93F9Q7;
				GENERATE_INFOPLIST_FILE = YES;
				INFOPLIST_FILE = "Starscream WebSocket/Info.plist";
				INFOPLIST_KEY_UIApplicationSupportsIndirectInputEvents = YES;
				INFOPLIST_KEY_UILaunchStoryboardName = LaunchScreen;
				INFOPLIST_KEY_UIMainStoryboardFile = Main;
				INFOPLIST_KEY_UISupportedInterfaceOrientations_iPad = "UIInterfaceOrientationPortrait UIInterfaceOrientationPortraitUpsideDown UIInterfaceOrientationLandscapeLeft UIInterfaceOrientationLandscapeRight";
				INFOPLIST_KEY_UISupportedInterfaceOrientations_iPhone = "UIInterfaceOrientationPortrait UIInterfaceOrientationLandscapeLeft UIInterfaceOrientationLandscapeRight";
				IPHONEOS_DEPLOYMENT_TARGET = 13.0;
				LD_RUNPATH_SEARCH_PATHS = (
					"$(inherited)",
					"@executable_path/Frameworks",
				);
				MARKETING_VERSION = 1.0;
				PRODUCT_BUNDLE_IDENTIFIER = "com.browserstack.Starscream-WebSocket";
				PRODUCT_NAME = "$(TARGET_NAME)";
				SWIFT_EMIT_LOC_STRINGS = YES;
				SWIFT_VERSION = 5.0;
				TARGETED_DEVICE_FAMILY = "1,2";
			};
			name = Release;
		};
/* End XCBuildConfiguration section */

/* Begin XCConfigurationList section */
		09ADB71D27AB95DE003ADF69 /* Build configuration list for PBXProject "Starscream WebSocket" */ = {
			isa = XCConfigurationList;
			buildConfigurations = (
				09ADB73427AB95E0003ADF69 /* Debug */,
				09ADB73527AB95E0003ADF69 /* Release */,
			);
			defaultConfigurationIsVisible = 0;
			defaultConfigurationName = Release;
		};
		09ADB73627AB95E0003ADF69 /* Build configuration list for PBXNativeTarget "Starscream WebSocket" */ = {
			isa = XCConfigurationList;
			buildConfigurations = (
				09ADB73727AB95E0003ADF69 /* Debug */,
				09ADB73827AB95E0003ADF69 /* Release */,
			);
			defaultConfigurationIsVisible = 0;
			defaultConfigurationName = Release;
		};
/* End XCConfigurationList section */
	};
	rootObject = 09ADB71A27AB95DE003ADF69 /* Project object */;
}
